
Microsoft Visual Studio Solution File, Format Version 12.00
# Visual Studio Version 16
VisualStudioVersion = 16.0.30011.22
MinimumVisualStudioVersion = 10.0.40219.1
Project("{FAE04EC0-301F-11D3-BF4B-00C04F79EFBC}") = "WebhooksManagement", "WebhooksManagement\WebhooksManagement.csproj", "{37FA02F6-51AF-4A9C-A263-E14E4D33D1DF}"
EndProject
Global
	GlobalSection(SolutionConfigurationPlatforms) = preSolution
		Debug|Any CPU = Debug|Any CPU
		Release|Any CPU = Release|Any CPU
	EndGlobalSection
	GlobalSection(ProjectConfigurationPlatforms) = postSolution
		{37FA02F6-51AF-4A9C-A263-E14E4D33D1DF}.Debug|Any CPU.ActiveCfg = Debug|Any CPU
		{37FA02F6-51AF-4A9C-A263-E14E4D33D1DF}.Debug|Any CPU.Build.0 = Debug|Any CPU
		{37FA02F6-51AF-4A9C-A263-E14E4D33D1DF}.Release|Any CPU.ActiveCfg = Release|Any CPU
		{37FA02F6-51AF-4A9C-A263-E14E4D33D1DF}.Release|Any CPU.Build.0 = Release|Any CPU
	EndGlobalSection
	GlobalSection(SolutionProperties) = preSolution
		HideSolutionNode = FALSE
	EndGlobalSection
	GlobalSection(ExtensibilityGlobals) = postSolution
		SolutionGuid = {6E1A20DF-264C-4296-ABEE-BAE8BA5107F7}
	EndGlobalSection
EndGlobal
